<?xml version="1.0" encoding="utf-8"?>
<Project ToolsVersion="4.0" xmlns="http://schemas.microsoft.com/developer/msbuild/2003">
  <ItemGroup>
    <Filter Include="Source Files">
      <UniqueIdentifier>{4FC737F1-C7A5-4376-A066-2A32D752A2FF}</UniqueIdentifier>
      <Extensions>cpp;c;cc;cxx;def;odl;idl;hpj;bat;asm;asmx</Extensions>
    </Filter>
    <Filter Include="Header Files">
      <UniqueIdentifier>{93995380-89BD-4b04-88EB-625FBE52EBFB}</UniqueIdentifier>
      <Extensions>h;hpp;hxx;hm;inl;inc;xsd</Extensions>
    </Filter>
    <Filter Include="Resource Files">
      <UniqueIdentifier>{67DA6AB6-F800-4c08-8B7A-83BB121AAD01}</UniqueIdentifier>
      <Extensions>rc;ico;cur;bmp;dlg;rc2;rct;bin;rgs;gif;jpg;jpeg;jpe;resx;tiff;tif;png;wav;mfcribbon-ms</Extensions>
    </Filter>
    <Filter Include="Driver Files">
      <UniqueIdentifier>{8E41214B-6785-4CFE-B992-037D68949A14}</UniqueIdentifier>
      <Extensions>inf;inv;inx;mof;mc;</Extensions>
    </Filter>
    <Filter Include="进程">
      <UniqueIdentifier>{bd75696e-6af0-4214-8043-078aae4a911d}</UniqueIdentifier>
    </Filter>
    <Filter Include="公共头">
      <UniqueIdentifier>{84316321-c01f-47f6-bc3b-b43f85ef8391}</UniqueIdentifier>
    </Filter>
    <Filter Include="文件">
      <UniqueIdentifier>{4a701e8b-7eb3-4b42-97eb-ecd4f8490b26}</UniqueIdentifier>
    </Filter>
    <Filter Include="注册表">
      <UniqueIdentifier>{c3fae7d5-1235-4aae-a8c0-0abaed153c0d}</UniqueIdentifier>
    </Filter>
  </ItemGroup>
  <ItemGroup>
    <Inf Include="miniFilter1.inf">
      <Filter>Driver Files</Filter>
    </Inf>
  </ItemGroup>
  <ItemGroup>
    <ResourceCompile Include="miniFilter1.rc">
      <Filter>Resource Files</Filter>
    </ResourceCompile>
  </ItemGroup>
  <ItemGroup>
    <ClCompile Include="PsMonitor.c">
      <Filter>进程</Filter>
    </ClCompile>
    <ClCompile Include="miniFilter.c">
      <Filter>文件</Filter>
    </ClCompile>
    <ClCompile Include="main.c">
      <Filter>Source Files</Filter>
    </ClCompile>
  </ItemGroup>
  <ItemGroup>
    <ClInclude Include="head.h">
      <Filter>Header Files</Filter>
    </ClInclude>
    <ClInclude Include="PsMonitor.h">
      <Filter>进程</Filter>
    </ClInclude>
    <ClInclude Include="PublicHeader.h">
      <Filter>公共头</Filter>
    </ClInclude>
    <ClInclude Include="miniFilter.h">
      <Filter>文件</Filter>
    </ClInclude>
  </ItemGroup>
</Project>